
Microsoft Visual Studio Solution File, Format Version 12.00
# Visual Studio Version 17
VisualStudioVersion = 17.1.31911.260
MinimumVisualStudioVersion = 10.0.40219.1
Project("{2150E333-8FDC-42A3-9474-1A3956D46DE8}") = "api-cliente", "api-cliente", "{57A8033E-5BB7-40DA-AB9F-24D3D81BC3AE}"
EndProject
Project("{FAE04EC0-301F-11D3-BF4B-00C04F79EFBC}") = "Api.Cliente", "api-cliente\Api.Cliente\Api.Cliente.csproj", "{90959217-CEED-4B75-B690-9D4D886A3E30}"
EndProject
Project("{FAE04EC0-301F-11D3-BF4B-00C04F79EFBC}") = "Api.Cliente.Application", "api-cliente\Api.Cliente.Application\Api.Cliente.Application.csproj", "{23C9D582-AE4D-4B1C-BC9A-B8863A9EBBA9}"
EndProject
Project("{FAE04EC0-301F-11D3-BF4B-00C04F79EFBC}") = "Api.Cliente.Domain", "api-cliente\Api.Cliente.Domain\Api.Cliente.Domain.csproj", "{3C8C520F-CA40-4CCD-BA7B-F2396098E4A8}"
EndProject
Project("{FAE04EC0-301F-11D3-BF4B-00C04F79EFBC}") = "Api.Cliente.Data", "api-cliente\Api.Cliente.Data\Api.Cliente.Data.csproj", "{CFD74DE6-2832-41D0-8683-05F9318E8DBA}"
EndProject
Global
	GlobalSection(SolutionConfigurationPlatforms) = preSolution
		Debug|Any CPU = Debug|Any CPU
		Release|Any CPU = Release|Any CPU
	EndGlobalSection
	GlobalSection(ProjectConfigurationPlatforms) = postSolution
		{90959217-CEED-4B75-B690-9D4D886A3E30}.Debug|Any CPU.ActiveCfg = Debug|Any CPU
		{90959217-CEED-4B75-B690-9D4D886A3E30}.Debug|Any CPU.Build.0 = Debug|Any CPU
		{90959217-CEED-4B75-B690-9D4D886A3E30}.Release|Any CPU.ActiveCfg = Release|Any CPU
		{90959217-CEED-4B75-B690-9D4D886A3E30}.Release|Any CPU.Build.0 = Release|Any CPU
		{23C9D582-AE4D-4B1C-BC9A-B8863A9EBBA9}.Debug|Any CPU.ActiveCfg = Debug|Any CPU
		{23C9D582-AE4D-4B1C-BC9A-B8863A9EBBA9}.Debug|Any CPU.Build.0 = Debug|Any CPU
		{23C9D582-AE4D-4B1C-BC9A-B8863A9EBBA9}.Release|Any CPU.ActiveCfg = Release|Any CPU
		{23C9D582-AE4D-4B1C-BC9A-B8863A9EBBA9}.Release|Any CPU.Build.0 = Release|Any CPU
		{3C8C520F-CA40-4CCD-BA7B-F2396098E4A8}.Debug|Any CPU.ActiveCfg = Debug|Any CPU
		{3C8C520F-CA40-4CCD-BA7B-F2396098E4A8}.Debug|Any CPU.Build.0 = Debug|Any CPU
		{3C8C520F-CA40-4CCD-BA7B-F2396098E4A8}.Release|Any CPU.ActiveCfg = Release|Any CPU
		{3C8C520F-CA40-4CCD-BA7B-F2396098E4A8}.Release|Any CPU.Build.0 = Release|Any CPU
		{CFD74DE6-2832-41D0-8683-05F9318E8DBA}.Debug|Any CPU.ActiveCfg = Debug|Any CPU
		{CFD74DE6-2832-41D0-8683-05F9318E8DBA}.Debug|Any CPU.Build.0 = Debug|Any CPU
		{CFD74DE6-2832-41D0-8683-05F9318E8DBA}.Release|Any CPU.ActiveCfg = Release|Any CPU
		{CFD74DE6-2832-41D0-8683-05F9318E8DBA}.Release|Any CPU.Build.0 = Release|Any CPU
	EndGlobalSection
	GlobalSection(SolutionProperties) = preSolution
		HideSolutionNode = FALSE
	EndGlobalSection
	GlobalSection(NestedProjects) = preSolution
		{90959217-CEED-4B75-B690-9D4D886A3E30} = {57A8033E-5BB7-40DA-AB9F-24D3D81BC3AE}
		{23C9D582-AE4D-4B1C-BC9A-B8863A9EBBA9} = {57A8033E-5BB7-40DA-AB9F-24D3D81BC3AE}
		{3C8C520F-CA40-4CCD-BA7B-F2396098E4A8} = {57A8033E-5BB7-40DA-AB9F-24D3D81BC3AE}
		{CFD74DE6-2832-41D0-8683-05F9318E8DBA} = {57A8033E-5BB7-40DA-AB9F-24D3D81BC3AE}
	EndGlobalSection
	GlobalSection(ExtensibilityGlobals) = postSolution
		SolutionGuid = {178AA731-5870-40B2-9058-58CE4EB15C63}
	EndGlobalSection
EndGlobal
